hash: 895973e275215f6c7ca4fd908b82d800d84f84be9cad590d6519e6037e021a38
updated: 2016-12-30T13:09:27.055206458-08:00
imports:
- name: github.com/anacrolix/missinggo
  version: a096221b59b0f9284a80fe0be9ee36ddafb8f719
  subpackages:
  - inproc
  - pproffd
- name: github.com/anacrolix/sync
  version: d29d95568d362a0008c1ffbaea39a3449ea67509
- name: github.com/anacrolix/utp
  version: cb02a8a1ac94501fb8421531cd94d874360d35b1
- name: github.com/euforia/go-chord
  version: 4a2d908e0c0368d52b4f7fce5beb01407bb43e5c
  subpackages:
  - mux
- name: github.com/golang/protobuf
  version: df1d3ca07d2d07bba352d5b73c4313b4e2a6203e
  subpackages:
  - proto
- name: github.com/ipkg/go-mux
  version: e30e6d08f21af8c88a3b5b44fb11270305dfa1d7
- name: github.com/zeebo/bencode
  version: 9e17a193afc98ea546601d05f036b0b033d15b3e
- name: golang.org/x/net
  version: cd8c2701a5e10f044db915e65eac68f738399d22
  subpackages:
  - context
  - http2
  - http2/hpack
  - internal/timeseries
  - trace
- name: google.golang.org/grpc
  version: eddbd11c7ecd001d06777cb87b5ea7af54227907
  subpackages:
  - codes
  - credentials
  - grpclog
  - internal
  - metadata
  - naming
  - peer
  - tap
  - transport
testImports: []
